
Microsoft Visual Studio Solution File, Format Version 12.00
# Visual Studio Version 16
VisualStudioVersion = 16.0.29728.190
MinimumVisualStudioVersion = 10.0.40219.1
Project("{FAE04EC0-301F-11D3-BF4B-00C04F79EFBC}") = "ShapeLib", "ShapeLib\ShapeLib.csproj", "{0259AB94-9685-40CE-B1C0-C7F5EE93FF88}"
EndProject
Project("{FAE04EC0-301F-11D3-BF4B-00C04F79EFBC}") = "ShapeLib.Test", "ShapeLib.Test\ShapeLib.Test.csproj", "{0BEB868E-96F2-46C9-B56A-9236207D4A0C}"
EndProject
Project("{FAE04EC0-301F-11D3-BF4B-00C04F79EFBC}") = "ConsoleApp1", "ConsoleApp1\ConsoleApp1.csproj", "{88563CEB-43B0-4E79-BF93-A0CD15C1D6B3}"
EndProject
Global
	GlobalSection(SolutionConfigurationPlatforms) = preSolution
		Debug|Any CPU = Debug|Any CPU
		Release|Any CPU = Release|Any CPU
	EndGlobalSection
	GlobalSection(ProjectConfigurationPlatforms) = postSolution
		{0259AB94-9685-40CE-B1C0-C7F5EE93FF88}.Debug|Any CPU.ActiveCfg = Debug|Any CPU
		{0259AB94-9685-40CE-B1C0-C7F5EE93FF88}.Debug|Any CPU.Build.0 = Debug|Any CPU
		{0259AB94-9685-40CE-B1C0-C7F5EE93FF88}.Release|Any CPU.ActiveCfg = Release|Any CPU
		{0259AB94-9685-40CE-B1C0-C7F5EE93FF88}.Release|Any CPU.Build.0 = Release|Any CPU
		{0BEB868E-96F2-46C9-B56A-9236207D4A0C}.Debug|Any CPU.ActiveCfg = Debug|Any CPU
		{0BEB868E-96F2-46C9-B56A-9236207D4A0C}.Debug|Any CPU.Build.0 = Debug|Any CPU
		{0BEB868E-96F2-46C9-B56A-9236207D4A0C}.Release|Any CPU.ActiveCfg = Release|Any CPU
		{0BEB868E-96F2-46C9-B56A-9236207D4A0C}.Release|Any CPU.Build.0 = Release|Any CPU
		{88563CEB-43B0-4E79-BF93-A0CD15C1D6B3}.Debug|Any CPU.ActiveCfg = Debug|Any CPU
		{88563CEB-43B0-4E79-BF93-A0CD15C1D6B3}.Debug|Any CPU.Build.0 = Debug|Any CPU
		{88563CEB-43B0-4E79-BF93-A0CD15C1D6B3}.Release|Any CPU.ActiveCfg = Release|Any CPU
		{88563CEB-43B0-4E79-BF93-A0CD15C1D6B3}.Release|Any CPU.Build.0 = Release|Any CPU
	EndGlobalSection
	GlobalSection(SolutionProperties) = preSolution
		HideSolutionNode = FALSE
	EndGlobalSection
	GlobalSection(ExtensibilityGlobals) = postSolution
		SolutionGuid = {DEC2CB10-4A29-4245-A980-6A42E868FFF3}
	EndGlobalSection
EndGlobal
